
Microsoft Visual Studio Solution File, Format Version 12.00
# Visual Studio Version 16
VisualStudioVersion = 16.0.30907.101
MinimumVisualStudioVersion = 10.0.40219.1
Project("{FAE04EC0-301F-11D3-BF4B-00C04F79EFBC}") = "NFL", "NFL\NFL.csproj", "{35067114-0878-4CCB-820D-4B2A65FE72E0}"
EndProject
Global
	GlobalSection(SolutionConfigurationPlatforms) = preSolution
		Debug|Any CPU = Debug|Any CPU
		Release|Any CPU = Release|Any CPU
	EndGlobalSection
	GlobalSection(ProjectConfigurationPlatforms) = postSolution
		{35067114-0878-4CCB-820D-4B2A65FE72E0}.Debug|Any CPU.ActiveCfg = Debug|Any CPU
		{35067114-0878-4CCB-820D-4B2A65FE72E0}.Debug|Any CPU.Build.0 = Debug|Any CPU
		{35067114-0878-4CCB-820D-4B2A65FE72E0}.Release|Any CPU.ActiveCfg = Release|Any CPU
		{35067114-0878-4CCB-820D-4B2A65FE72E0}.Release|Any CPU.Build.0 = Release|Any CPU
	EndGlobalSection
	GlobalSection(SolutionProperties) = preSolution
		HideSolutionNode = FALSE
	EndGlobalSection
	GlobalSection(ExtensibilityGlobals) = postSolution
		SolutionGuid = {5D2DB66B-F095-45D7-A948-9AC4FE56C9F4}
	EndGlobalSection
EndGlobal
