
Microsoft Visual Studio Solution File, Format Version 12.00
# Visual Studio Version 16
VisualStudioVersion = 16.0.29920.165
MinimumVisualStudioVersion = 10.0.40219.1
Project("{9A19103F-16F7-4668-BE54-9A1E7A4F7556}") = "ConsoleApp1", "ConsoleApp1.csproj", "{BEC21986-2E9F-4B53-9809-F46F70932D6E}"
EndProject
Project("{FAE04EC0-301F-11D3-BF4B-00C04F79EFBC}") = "IranyitoMutato", "..\IranyitoMutato\IranyitoMutato.csproj", "{3674F16C-DF18-4E82-B8A0-C1E0F3230931}"
EndProject
Global
	GlobalSection(SolutionConfigurationPlatforms) = preSolution
		Debug|Any CPU = Debug|Any CPU
		Release|Any CPU = Release|Any CPU
	EndGlobalSection
	GlobalSection(ProjectConfigurationPlatforms) = postSolution
		{BEC21986-2E9F-4B53-9809-F46F70932D6E}.Debug|Any CPU.ActiveCfg = Debug|Any CPU
		{BEC21986-2E9F-4B53-9809-F46F70932D6E}.Debug|Any CPU.Build.0 = Debug|Any CPU
		{BEC21986-2E9F-4B53-9809-F46F70932D6E}.Release|Any CPU.ActiveCfg = Release|Any CPU
		{BEC21986-2E9F-4B53-9809-F46F70932D6E}.Release|Any CPU.Build.0 = Release|Any CPU
		{3674F16C-DF18-4E82-B8A0-C1E0F3230931}.Debug|Any CPU.ActiveCfg = Debug|Any CPU
		{3674F16C-DF18-4E82-B8A0-C1E0F3230931}.Debug|Any CPU.Build.0 = Debug|Any CPU
		{3674F16C-DF18-4E82-B8A0-C1E0F3230931}.Release|Any CPU.ActiveCfg = Release|Any CPU
		{3674F16C-DF18-4E82-B8A0-C1E0F3230931}.Release|Any CPU.Build.0 = Release|Any CPU
	EndGlobalSection
	GlobalSection(SolutionProperties) = preSolution
		HideSolutionNode = FALSE
	EndGlobalSection
	GlobalSection(ExtensibilityGlobals) = postSolution
		SolutionGuid = {BCFD09C8-6082-4EE9-AFE6-B2A4045E9488}
	EndGlobalSection
EndGlobal
