
Microsoft Visual Studio Solution File, Format Version 12.00
# Visual Studio Version 16
VisualStudioVersion = 16.0.31005.135
MinimumVisualStudioVersion = 10.0.40219.1
Project("{FAE04EC0-301F-11D3-BF4B-00C04F79EFBC}") = "ConsoleApp1", "ConsoleApp1.csproj", "{E3435EF5-ACF5-4D39-93C5-AB3FE0D3FA27}"
EndProject
Global
	GlobalSection(SolutionConfigurationPlatforms) = preSolution
		Debug|Any CPU = Debug|Any CPU
		Release|Any CPU = Release|Any CPU
	EndGlobalSection
	GlobalSection(ProjectConfigurationPlatforms) = postSolution
		{E3435EF5-ACF5-4D39-93C5-AB3FE0D3FA27}.Debug|Any CPU.ActiveCfg = Debug|Any CPU
		{E3435EF5-ACF5-4D39-93C5-AB3FE0D3FA27}.Debug|Any CPU.Build.0 = Debug|Any CPU
		{E3435EF5-ACF5-4D39-93C5-AB3FE0D3FA27}.Release|Any CPU.ActiveCfg = Release|Any CPU
		{E3435EF5-ACF5-4D39-93C5-AB3FE0D3FA27}.Release|Any CPU.Build.0 = Release|Any CPU
	EndGlobalSection
	GlobalSection(SolutionProperties) = preSolution
		HideSolutionNode = FALSE
	EndGlobalSection
	GlobalSection(ExtensibilityGlobals) = postSolution
		SolutionGuid = {680CB63B-CF37-4C44-ACD1-7111950427E1}
	EndGlobalSection
EndGlobal
