
Microsoft Visual Studio Solution File, Format Version 12.00
# Visual Studio Version 16
VisualStudioVersion = 16.0.31025.194
MinimumVisualStudioVersion = 10.0.40219.1
Project("{9A19103F-16F7-4668-BE54-9A1E7A4F7556}") = "sudokuCLI", "..\Kiss Zsigmond\Szudoku\sudokuCLI\sudokuCLI\sudokuCLI.csproj", "{A6996961-0547-47B7-AC58-6C4CA4F9B85C}"
EndProject
Global
	GlobalSection(SolutionConfigurationPlatforms) = preSolution
		Debug|Any CPU = Debug|Any CPU
		Release|Any CPU = Release|Any CPU
	EndGlobalSection
	GlobalSection(ProjectConfigurationPlatforms) = postSolution
		{A6996961-0547-47B7-AC58-6C4CA4F9B85C}.Debug|Any CPU.ActiveCfg = Debug|Any CPU
		{A6996961-0547-47B7-AC58-6C4CA4F9B85C}.Debug|Any CPU.Build.0 = Debug|Any CPU
		{A6996961-0547-47B7-AC58-6C4CA4F9B85C}.Release|Any CPU.ActiveCfg = Release|Any CPU
		{A6996961-0547-47B7-AC58-6C4CA4F9B85C}.Release|Any CPU.Build.0 = Release|Any CPU
	EndGlobalSection
	GlobalSection(SolutionProperties) = preSolution
		HideSolutionNode = FALSE
	EndGlobalSection
	GlobalSection(ExtensibilityGlobals) = postSolution
		SolutionGuid = {64DB343B-819F-4987-BA3B-485981C25C80}
	EndGlobalSection
EndGlobal
